{
  "originHash" : "a223c86a542b3e066867ae03b3e6d810e3d8d48a1af2657f3a7bf3c4a44d4931",
  "pins" : [
    {
      "identity" : "ios-core-data-sdk",
      "kind" : "remoteSourceControl",
      "location" : "https://github.com/FastPix/iOS-core-data-sdk.git",
      "state" : {
        "revision" : "1c349f3095ebd15d6fa221bc8f4d0456a95f7b1f",
        "version" : "1.0.6"
      }
    },
    {
      "identity" : "theoplayer-sdk-apple",
      "kind" : "remoteSourceControl",
      "location" : "https://github.com/THEOplayer/theoplayer-sdk-apple.git",
      "state" : {
        "revision" : "585d6d89db438bf516a4d0bebf5b7b1bf9aefcbe",
        "version" : "9.0.0"
      }
    }
  ],
  "version" : 3
}
