{
  "originHash" : "f7a7134ec5bc503e07cbe8e498b37d0ea650cddd49d97deada7e7e61880ee402",
  "pins" : [
    {
      "identity" : "ios-core-data-sdk",
      "kind" : "remoteSourceControl",
      "location" : "https://github.com/FastPix/iOS-core-data-sdk.git",
      "state" : {
        "revision" : "0f156873472227c0d8366097e39e8c9c87cf5a8f",
        "version" : "1.0.5"
      }
    },
    {
      "identity" : "theoplayer-sdk-apple",
      "kind" : "remoteSourceControl",
      "location" : "https://github.com/THEOplayer/theoplayer-sdk-apple.git",
      "state" : {
        "revision" : "585d6d89db438bf516a4d0bebf5b7b1bf9aefcbe",
        "version" : "9.0.0"
      }
    }
  ],
  "version" : 3
}
